<?xml version="1.0" encoding="utf-8"?>
<Project ToolsVersion="4.0" xmlns="http://schemas.microsoft.com/developer/msbuild/2003">
  <ItemGroup>
    <Filter Include="Source Files">
      <UniqueIdentifier>{4FC737F1-C7A5-4376-A066-2A32D752A2FF}</UniqueIdentifier>
      <Extensions>cpp;c;cc;cxx;def;odl;idl;hpj;bat;asm;asmx</Extensions>
    </Filter>
    <Filter Include="Header Files">
      <UniqueIdentifier>{93995380-89BD-4b04-88EB-625FBE52EBFB}</UniqueIdentifier>
      <Extensions>h;hh;hpp;hxx;hm;inl;inc;xsd</Extensions>
    </Filter>
    <Filter Include="Resource Files">
      <UniqueIdentifier>{67DA6AB6-F800-4c08-8B7A-83BB121AAD01}</UniqueIdentifier>
      <Extensions>rc;ico;cur;bmp;dlg;rc2;rct;bin;rgs;gif;jpg;jpeg;jpe;resx;tiff;tif;png;wav</Extensions>
    </Filter>
  </ItemGroup>
  <ItemGroup>
    <ClCompile Include="kys_battle.cpp">
      <Filter>Source Files</Filter>
    </ClCompile>
    <ClCompile Include="kys_draw.cpp">
      <Filter>Source Files</Filter>
    </ClCompile>
    <ClCompile Include="kys_engine.cpp">
      <Filter>Source Files</Filter>
    </ClCompile>
    <ClCompile Include="kys_event.cpp">
      <Filter>Source Files</Filter>
    </ClCompile>
    <ClCompile Include="kys_main.cpp">
      <Filter>Source Files</Filter>
    </ClCompile>
    <ClCompile Include="kys_script.cpp">
      <Filter>Source Files</Filter>
    </ClCompile>
    <ClCompile Include="kys_type.cpp">
      <Filter>Source Files</Filter>
    </ClCompile>
    <ClCompile Include="main.cpp">
      <Filter>Source Files</Filter>
    </ClCompile>
    <ClCompile Include="C:\project\mlcc\filefunc.cpp">
      <Filter>Source Files</Filter>
    </ClCompile>
    <ClCompile Include="C:\project\mlcc\PotConv.cpp">
      <Filter>Source Files</Filter>
    </ClCompile>
    <ClCompile Include="C:\project\mlcc\SimpleCC.cpp">
      <Filter>Source Files</Filter>
    </ClCompile>
    <ClCompile Include="C:\project\mlcc\strfunc.cpp">
      <Filter>Source Files</Filter>
    </ClCompile>
  </ItemGroup>
  <ItemGroup>
    <ClInclude Include="kys_battle.h">
      <Filter>Header Files</Filter>
    </ClInclude>
    <ClInclude Include="kys_draw.h">
      <Filter>Header Files</Filter>
    </ClInclude>
    <ClInclude Include="kys_engine.h">
      <Filter>Header Files</Filter>
    </ClInclude>
    <ClInclude Include="kys_event.h">
      <Filter>Header Files</Filter>
    </ClInclude>
    <ClInclude Include="kys_main.h">
      <Filter>Header Files</Filter>
    </ClInclude>
    <ClInclude Include="kys_script.h">
      <Filter>Header Files</Filter>
    </ClInclude>
    <ClInclude Include="kys_type.h">
      <Filter>Header Files</Filter>
    </ClInclude>
    <ClInclude Include="C:\project\mlcc\filefunc.h">
      <Filter>Header Files</Filter>
    </ClInclude>
    <ClInclude Include="C:\project\mlcc\INIReader.h">
      <Filter>Header Files</Filter>
    </ClInclude>
    <ClInclude Include="C:\project\mlcc\PotConv.h">
      <Filter>Header Files</Filter>
    </ClInclude>
    <ClInclude Include="C:\project\mlcc\SimpleCC.h">
      <Filter>Header Files</Filter>
    </ClInclude>
    <ClInclude Include="C:\project\mlcc\strfunc.h">
      <Filter>Header Files</Filter>
    </ClInclude>
  </ItemGroup>
</Project>