
Microsoft Visual Studio Solution File, Format Version 12.00
# Visual Studio Version 17
VisualStudioVersion = 17.14.36202.13 d17.14
MinimumVisualStudioVersion = 10.0.40219.1
Project("{FAE04EC0-301F-11D3-BF4B-00C04F79EFBC}") = "laucher", "AllMod-Launcher\laucher.csproj", "{38D4E230-1531-48E5-A73E-2104B7E2EB83}"
EndProject
Global
	GlobalSection(SolutionConfigurationPlatforms) = preSolution
		Debug|Any CPU = Debug|Any CPU
		Release|Any CPU = Release|Any CPU
	EndGlobalSection
	GlobalSection(ProjectConfigurationPlatforms) = postSolution
		{38D4E230-1531-48E5-A73E-2104B7E2EB83}.Debug|Any CPU.ActiveCfg = Debug|Any CPU
		{38D4E230-1531-48E5-A73E-2104B7E2EB83}.Debug|Any CPU.Build.0 = Debug|Any CPU
		{38D4E230-1531-48E5-A73E-2104B7E2EB83}.Release|Any CPU.ActiveCfg = Release|Any CPU
		{38D4E230-1531-48E5-A73E-2104B7E2EB83}.Release|Any CPU.Build.0 = Release|Any CPU
	EndGlobalSection
	GlobalSection(SolutionProperties) = preSolution
		HideSolutionNode = FALSE
	EndGlobalSection
	GlobalSection(ExtensibilityGlobals) = postSolution
		SolutionGuid = {D313E297-921C-4EF6-847B-748B9B599F41}
	EndGlobalSection
EndGlobal
